
Microsoft Visual Studio Solution File, Format Version 12.00
# Visual Studio 2017
Project("{FAE04EC0-301F-11D3-BF4B-00C04F79EFBC}") = "Robert 2 - A Aventura", "Robert 2 - A Aventura.csproj", "{4FB08499-201E-E7C0-0CCF-E9996022B9AA}"
EndProject
Global
	GlobalSection(SolutionConfigurationPlatforms) = preSolution
		Debug|Any CPU = Debug|Any CPU
		Release|Any CPU = Release|Any CPU
	EndGlobalSection
	GlobalSection(ProjectConfigurationPlatforms) = postSolution
		{4FB08499-201E-E7C0-0CCF-E9996022B9AA}.Debug|Any CPU.ActiveCfg = Debug|Any CPU
		{4FB08499-201E-E7C0-0CCF-E9996022B9AA}.Debug|Any CPU.Build.0 = Debug|Any CPU
		{4FB08499-201E-E7C0-0CCF-E9996022B9AA}.Release|Any CPU.ActiveCfg = Release|Any CPU
		{4FB08499-201E-E7C0-0CCF-E9996022B9AA}.Release|Any CPU.Build.0 = Release|Any CPU
	EndGlobalSection
	GlobalSection(SolutionProperties) = preSolution
		HideSolutionNode = FALSE
	EndGlobalSection
EndGlobal
